
Microsoft Visual Studio Solution File, Format Version 12.00
# Visual Studio Version 16
VisualStudioVersion = 16.0.30611.23
MinimumVisualStudioVersion = 10.0.40219.1
Project("{FAE04EC0-301F-11D3-BF4B-00C04F79EFBC}") = "Covaciu_Carla_Proiect1", "Covaciu_Carla_Proiect1.csproj", "{F2C2DE9A-7E5F-4FBE-91F5-B8E4C9DEDDB8}"
EndProject
Global
	GlobalSection(SolutionConfigurationPlatforms) = preSolution
		Debug|Any CPU = Debug|Any CPU
		Release|Any CPU = Release|Any CPU
	EndGlobalSection
	GlobalSection(ProjectConfigurationPlatforms) = postSolution
		{F2C2DE9A-7E5F-4FBE-91F5-B8E4C9DEDDB8}.Debug|Any CPU.ActiveCfg = Debug|Any CPU
		{F2C2DE9A-7E5F-4FBE-91F5-B8E4C9DEDDB8}.Debug|Any CPU.Build.0 = Debug|Any CPU
		{F2C2DE9A-7E5F-4FBE-91F5-B8E4C9DEDDB8}.Release|Any CPU.ActiveCfg = Release|Any CPU
		{F2C2DE9A-7E5F-4FBE-91F5-B8E4C9DEDDB8}.Release|Any CPU.Build.0 = Release|Any CPU
	EndGlobalSection
	GlobalSection(SolutionProperties) = preSolution
		HideSolutionNode = FALSE
	EndGlobalSection
	GlobalSection(ExtensibilityGlobals) = postSolution
		SolutionGuid = {C690FD13-2A4A-4286-A20C-C38262E015E5}
	EndGlobalSection
EndGlobal
